// !$*UTF8*$!
{
	archiveVersion = 1;
	classes = {
	};
	objectVersion = 46;
	objects = {

/* Begin PBXBuildFile section */
		1FBD77D41DD1EEB600CFD80E /* AppDelegate.swift in Sources */ = {isa = PBXBuildFile; fileRef = 1FBD77D31DD1EEB600CFD80E /* AppDelegate.swift */; };
		1FBD77D61DD1EEB600CFD80E /* ViewController.swift in Sources */ = {isa = PBXBuildFile; fileRef = 1FBD77D51DD1EEB600CFD80E /* ViewController.swift */; };
		1FBD77D91DD1EEB600CFD80E /* Main.storyboard in Resources */ = {isa = PBXBuildFile; fileRef = 1FBD77D71DD1EEB600CFD80E /* Main.storyboard */; };
		1FBD77DB1DD1EEB600CFD80E /* Assets.xcassets in Resources */ = {isa = PBXBuildFile; fileRef = 1FBD77DA1DD1EEB600CFD80E /* Assets.xcassets */; };
		1FBD77DE1DD1EEB600CFD80E /* LaunchScreen.storyboard in Resources */ = {isa = PBXBuildFile; fileRef = 1FBD77DC1DD1EEB600CFD80E /* LaunchScreen.storyboard */; };
/* End PBXBuildFile section */

/* Begin PBXFileReference section */
		1FBD77D01DD1EEB600CFD80E /* joelfleuren-pset2.app */ = {isa = PBXFileReference; explicitFileType = wrapper.application; includeInIndex = 0; path = "joelfleuren-pset2.app"; sourceTree = BUILT_PRODUCTS_DIR; };
		1FBD77D31DD1EEB600CFD80E /* AppDelegate.swift */ = {isa = PBXFileReference; lastKnownFileType = sourcecode.swift; path = AppDelegate.swift; sourceTree = "<group>"; };
		1FBD77D51DD1EEB600CFD80E /* ViewController.swift */ = {isa = PBXFileReference; lastKnownFileType = sourcecode.swift; path = ViewController.swift; sourceTree = "<group>"; };
		1FBD77D81DD1EEB600CFD80E /* Base */ = {isa = PBXFileReference; lastKnownFileType = file.storyboard; name = Base; path = Base.lproj/Main.storyboard; sourceTree = "<group>"; };
		1FBD77DA1DD1EEB600CFD80E /* Assets.xcassets */ = {isa = PBXFileReference; lastKnownFileType = folder.assetcatalog; path = Assets.xcassets; sourceTree = "<group>"; };
		1FBD77DD1DD1EEB600CFD80E /* Base */ = {isa = PBXFileReference; lastKnownFileType = file.storyboard; name = Base; path = Base.lproj/LaunchScreen.storyboard; sourceTree = "<group>"; };
		1FBD77DF1DD1EEB600CFD80E /* Info.plist */ = {isa = PBXFileReference; lastKnownFileType = text.plist.xml; path = Info.plist; sourceTree = "<group>"; };
/* End PBXFileReference section */

/* Begin PBXFrameworksBuildPhase section */
		1FBD77CD1DD1EEB600CFD80E /* Frameworks */ = {
			isa = PBXFrameworksBuildPhase;
			buildActionMask = 2147483647;
			files = (
			);
			runOnlyForDeploymentPostprocessing = 0;
		};
/* End PBXFrameworksBuildPhase section */

/* Begin PBXGroup section */
		1FBD77C71DD1EEB600CFD80E = {
			isa = PBXGroup;
			children = (
				1FBD77D21DD1EEB600CFD80E /* joelfleuren-pset2 */,
				1FBD77D11DD1EEB600CFD80E /* Products */,
			);
			sourceTree = "<group>";
		};
		1FBD77D11DD1EEB600CFD80E /* Products */ = {
			isa = PBXGroup;
			children = (
				1FBD77D01DD1EEB600CFD80E /* joelfleuren-pset2.app */,
			);
			name = Products;
			sourceTree = "<group>";
		};
		1FBD77D21DD1EEB600CFD80E /* joelfleuren-pset2 */ = {
			isa = PBXGroup;
			children = (
				1FBD77D31DD1EEB600CFD80E /* AppDelegate.swift */,
				1FBD77D51DD1EEB600CFD80E /* ViewController.swift */,
				1FBD77D71DD1EEB600CFD80E /* Main.storyboard */,
				1FBD77DA1DD1EEB600CFD80E /* Assets.xcassets */,
				1FBD77DC1DD1EEB600CFD80E /* LaunchScreen.storyboard */,
				1FBD77DF1DD1EEB600CFD80E /* Info.plist */,
			);
			path = "joelfleuren-pset2";
			sourceTree = "<group>";
		};
/* End PBXGroup section */

/* Begin PBXNativeTarget section */
		1FBD77CF1DD1EEB600CFD80E /* joelfleuren-pset2 */ = {
			isa = PBXNativeTarget;
			buildConfigurationList = 1FBD77E21DD1EEB600CFD80E /* Build configuration list for PBXNativeTarget "joelfleuren-pset2" */;
			buildPhases = (
				1FBD77CC1DD1EEB600CFD80E /* Sources */,
				1FBD77CD1DD1EEB600CFD80E /* Frameworks */,
				1FBD77CE1DD1EEB600CFD80E /* Resources */,
			);
			buildRules = (
			);
			dependencies = (
			);
			name = "joelfleuren-pset2";
			productName = "joelfleuren-pset2";
			productReference = 1FBD77D01DD1EEB600CFD80E /* joelfleuren-pset2.app */;
			productType = "com.apple.product-type.application";
		};
/* End PBXNativeTarget section */

/* Begin PBXProject section */
		1FBD77C81DD1EEB600CFD80E /* Project object */ = {
			isa = PBXProject;
			attributes = {
				LastSwiftUpdateCheck = 0810;
				LastUpgradeCheck = 0810;
				ORGANIZATIONNAME = "joel fleuren";
				TargetAttributes = {
					1FBD77CF1DD1EEB600CFD80E = {
						CreatedOnToolsVersion = 8.1;
						ProvisioningStyle = Automatic;
					};
				};
			};
			buildConfigurationList = 1FBD77CB1DD1EEB600CFD80E /* Build configuration list for PBXProject "joelfleuren-pset2" */;
			compatibilityVersion = "Xcode 3.2";
			developmentRegion = English;
			hasScannedForEncodings = 0;
			knownRegions = (
				en,
				Base,
			);
			mainGroup = 1FBD77C71DD1EEB600CFD80E;
			productRefGroup = 1FBD77D11DD1EEB600CFD80E /* Products */;
			projectDirPath = "";
			projectRoot = "";
			targets = (
				1FBD77CF1DD1EEB600CFD80E /* joelfleuren-pset2 */,
			);
		};
/* End PBXProject section */

/* Begin PBXResourcesBuildPhase section */
		1FBD77CE1DD1EEB600CFD80E /* Resources */ = {
			isa = PBXResourcesBuildPhase;
			buildActionMask = 2147483647;
			files = (
				1FBD77DE1DD1EEB600CFD80E /* LaunchScreen.storyboard in Resources */,
				1FBD77DB1DD1EEB600CFD80E /* Assets.xcassets in Resources */,
				1FBD77D91DD1EEB600CFD80E /* Main.storyboard in Resources */,
			);
			runOnlyForDeploymentPostprocessing = 0;
		};
/* End PBXResourcesBuildPhase section */

/* Begin PBXSourcesBuildPhase section */
		1FBD77CC1DD1EEB600CFD80E /* Sources */ = {
			isa = PBXSourcesBuildPhase;
			buildActionMask = 2147483647;
			files = (
				1FBD77D61DD1EEB600CFD80E /* ViewController.swift in Sources */,
				1FBD77D41DD1EEB600CFD80E /* AppDelegate.swift in Sources */,
			);
			runOnlyForDeploymentPostprocessing = 0;
		};
/* End PBXSourcesBuildPhase section */

/* Begin PBXVariantGroup section */
		1FBD77D71DD1EEB600CFD80E /* Main.storyboard */ = {
			isa = PBXVariantGroup;
			children = (
				1FBD77D81DD1EEB600CFD80E /* Base */,
			);
			name = Main.storyboard;
			sourceTree = "<group>";
		};
		1FBD77DC1DD1EEB600CFD80E /* LaunchScreen.storyboard */ = {
			isa = PBXVariantGroup;
			children = (
				1FBD77DD1DD1EEB600CFD80E /* Base */,
			);
			name = LaunchScreen.storyboard;
			sourceTree = "<group>";
		};
/* End PBXVariantGroup section */

/* Begin XCBuildConfiguration section */
		1FBD77E01DD1EEB600CFD80E /* Debug */ = {
			isa = XCBuildConfiguration;
			buildSettings = {
				ALWAYS_SEARCH_USER_PATHS = NO;
				CLANG_ANALYZER_NONNULL = YES;
				CLANG_CXX_LANGUAGE_STANDARD = "gnu++0x";
				CLANG_CXX_LIBRARY = "libc++";
				CLANG_ENABLE_MODULES = YES;
				CLANG_ENABLE_OBJC_ARC = YES;
				CLANG_WARN_BOOL_CONVERSION = YES;
				CLANG_WARN_CONSTANT_CONVERSION = YES;
				CLANG_WARN_DIRECT_OBJC_ISA_USAGE = YES_ERROR;
				CLANG_WARN_DOCUMENTATION_COMMENTS = YES;
				CLANG_WARN_EMPTY_BODY = YES;
				CLANG_WARN_ENUM_CONVERSION = YES;
				CLANG_WARN_INFINITE_RECURSION = YES;
				CLANG_WARN_INT_CONVERSION = YES;
				CLANG_WARN_OBJC_ROOT_CLASS = YES_ERROR;
				CLANG_WARN_SUSPICIOUS_MOVES = YES;
				CLANG_WARN_UNREACHABLE_CODE = YES;
				CLANG_WARN__DUPLICATE_METHOD_MATCH = YES;
				"CODE_SIGN_IDENTITY[sdk=iphoneos*]" = "iPhone Developer";
				COPY_PHASE_STRIP = NO;
				DEBUG_INFORMATION_FORMAT = dwarf;
				ENABLE_STRICT_OBJC_MSGSEND = YES;
				ENABLE_TESTABILITY = YES;
				GCC_C_LANGUAGE_STANDARD = gnu99;
				GCC_DYNAMIC_NO_PIC = NO;
				GCC_NO_COMMON_BLOCKS = YES;
				GCC_OPTIMIZATION_LEVEL = 0;
				GCC_PREPROCESSOR_DEFINITIONS = (
					"DEBUG=1",
					"$(inherited)",
				);
				GCC_WARN_64_TO_32_BIT_CONVERSION = YES;
				GCC_WARN_ABOUT_RETURN_TYPE = YES_ERROR;
				GCC_WARN_UNDECLARED_SELECTOR = YES;
				GCC_WARN_UNINITIALIZED_AUTOS = YES_AGGRESSIVE;
				GCC_WARN_UNUSED_FUNCTION = YES;
				GCC_WARN_UNUSED_VARIABLE = YES;
				IPHONEOS_DEPLOYMENT_TARGET = 10.1;
				MTL_ENABLE_DEBUG_INFO = YES;
				ONLY_ACTIVE_ARCH = YES;
				SDKROOT = iphoneos;
				SWIFT_ACTIVE_COMPILATION_CONDITIONS = DEBUG;
				SWIFT_OPTIMIZATION_LEVEL = "-Onone";
				TARGETED_DEVICE_FAMILY = "1,2";
			};
			name = Debug;
		};
		1FBD77E11DD1EEB600CFD80E /* Release */ = {
			isa = XCBuildConfiguration;
			buildSettings = {
				ALWAYS_SEARCH_USER_PATHS = NO;
				CLANG_ANALYZER_NONNULL = YES;
				CLANG_CXX_LANGUAGE_STANDARD = "gnu++0x";
				CLANG_CXX_LIBRARY = "libc++";
				CLANG_ENABLE_MODULES = YES;
				CLANG_ENABLE_OBJC_ARC = YES;
				CLANG_WARN_BOOL_CONVERSION = YES;
				CLANG_WARN_CONSTANT_CONVERSION = YES;
				CLANG_WARN_DIRECT_OBJC_ISA_USAGE = YES_ERROR;
				CLANG_WARN_DOCUMENTATION_COMMENTS = YES;
				CLANG_WARN_EMPTY_BODY = YES;
				CLANG_WARN_ENUM_CONVERSION = YES;
				CLANG_WARN_INFINITE_RECURSION = YES;
				CLANG_WARN_INT_CONVERSION = YES;
				CLANG_WARN_OBJC_ROOT_CLASS = YES_ERROR;
				CLANG_WARN_SUSPICIOUS_MOVES = YES;
				CLANG_WARN_UNREACHABLE_CODE = YES;
				CLANG_WARN__DUPLICATE_METHOD_MATCH = YES;
				"CODE_SIGN_IDENTITY[sdk=iphoneos*]" = "iPhone Developer";
				COPY_PHASE_STRIP = NO;
				DEBUG_INFORMATION_FORMAT = "dwarf-with-dsym";
				ENABLE_NS_ASSERTIONS = NO;
				ENABLE_STRICT_OBJC_MSGSEND = YES;
				GCC_C_LANGUAGE_STANDARD = gnu99;
				GCC_NO_COMMON_BLOCKS = YES;
				GCC_WARN_64_TO_32_BIT_CONVERSION = YES;
				GCC_WARN_ABOUT_RETURN_TYPE = YES_ERROR;
				GCC_WARN_UNDECLARED_SELECTOR = YES;
				GCC_WARN_UNINITIALIZED_AUTOS = YES_AGGRESSIVE;
				GCC_WARN_UNUSED_FUNCTION = YES;
				GCC_WARN_UNUSED_VARIABLE = YES;
				IPHONEOS_DEPLOYMENT_TARGET = 10.1;
				MTL_ENABLE_DEBUG_INFO = NO;
				SDKROOT = iphoneos;
				SWIFT_OPTIMIZATION_LEVEL = "-Owholemodule";
				TARGETED_DEVICE_FAMILY = "1,2";
				VALIDATE_PRODUCT = YES;
			};
			name = Release;
		};
		1FBD77E31DD1EEB600CFD80E /* Debug */ = {
			isa = XCBuildConfiguration;
			buildSettings = {
				ASSETCATALOG_COMPILER_APPICON_NAME = AppIcon;
				INFOPLIST_FILE = "joelfleuren-pset2/Info.plist";
				LD_RUNPATH_SEARCH_PATHS = "$(inherited) @executable_path/Frameworks";
				PRODUCT_BUNDLE_IDENTIFIER = "nl.mprog.joelfleuren-pset2";
				PRODUCT_NAME = "$(TARGET_NAME)";
				SWIFT_VERSION = 3.0;
			};
			name = Debug;
		};
		1FBD77E41DD1EEB600CFD80E /* Release */ = {
			isa = XCBuildConfiguration;
			buildSettings = {
				ASSETCATALOG_COMPILER_APPICON_NAME = AppIcon;
				INFOPLIST_FILE = "joelfleuren-pset2/Info.plist";
				LD_RUNPATH_SEARCH_PATHS = "$(inherited) @executable_path/Frameworks";
				PRODUCT_BUNDLE_IDENTIFIER = "nl.mprog.joelfleuren-pset2";
				PRODUCT_NAME = "$(TARGET_NAME)";
				SWIFT_VERSION = 3.0;
			};
			name = Release;
		};
/* End XCBuildConfiguration section */

/* Begin XCConfigurationList section */
		1FBD77CB1DD1EEB600CFD80E /* Build configuration list for PBXProject "joelfleuren-pset2" */ = {
			isa = XCConfigurationList;
			buildConfigurations = (
				1FBD77E01DD1EEB600CFD80E /* Debug */,
				1FBD77E11DD1EEB600CFD80E /* Release */,
			);
			defaultConfigurationIsVisible = 0;
			defaultConfigurationName = Release;
		};
		1FBD77E21DD1EEB600CFD80E /* Build configuration list for PBXNativeTarget "joelfleuren-pset2" */ = {
			isa = XCConfigurationList;
			buildConfigurations = (
				1FBD77E31DD1EEB600CFD80E /* Debug */,
				1FBD77E41DD1EEB600CFD80E /* Release */,
			);
			defaultConfigurationIsVisible = 0;
		};
/* End XCConfigurationList section */
	};
	rootObject = 1FBD77C81DD1EEB600CFD80E /* Project object */;
}
